// !$*UTF8*$!
{
	archiveVersion = 1;
	classes = {
	};
	objectVersion = 50;
	objects = {

/* Begin PBXBuildFile section */
		BDAFAD1F23E994F10056E8D1 /* AppDelegate.swift in Sources */ = {isa = PBXBuildFile; fileRef = BDAFAD1E23E994F10056E8D1 /* AppDelegate.swift */; };
		BDAFAD2123E994F10056E8D1 /* SceneDelegate.swift in Sources */ = {isa = PBXBuildFile; fileRef = BDAFAD2023E994F10056E8D1 /* SceneDelegate.swift */; };
		BDAFAD2323E994F10056E8D1 /* ViewController.swift in Sources */ = {isa = PBXBuildFile; fileRef = BDAFAD2223E994F10056E8D1 /* ViewController.swift */; };
		BDAFAD2623E994F10056E8D1 /* Main.storyboard in Resources */ = {isa = PBXBuildFile; fileRef = BDAFAD2423E994F10056E8D1 /* Main.storyboard */; };
		BDAFAD2823E994F30056E8D1 /* Assets.xcassets in Resources */ = {isa = PBXBuildFile; fileRef = BDAFAD2723E994F30056E8D1 /* Assets.xcassets */; };
		BDAFAD2B23E994F30056E8D1 /* LaunchScreen.storyboard in Resources */ = {isa = PBXBuildFile; fileRef = BDAFAD2923E994F30056E8D1 /* LaunchScreen.storyboard */; };
/* End PBXBuildFile section */

/* Begin PBXFileReference section */
		BDAFAD1B23E994F10056E8D1 /* Labb 1 Swift.app */ = {isa = PBXFileReference; explicitFileType = wrapper.application; includeInIndex = 0; path = "Labb 1 Swift.app"; sourceTree = BUILT_PRODUCTS_DIR; };
		BDAFAD1E23E994F10056E8D1 /* AppDelegate.swift */ = {isa = PBXFileReference; lastKnownFileType = sourcecode.swift; path = AppDelegate.swift; sourceTree = "<group>"; };
		BDAFAD2023E994F10056E8D1 /* SceneDelegate.swift */ = {isa = PBXFileReference; lastKnownFileType = sourcecode.swift; path = SceneDelegate.swift; sourceTree = "<group>"; };
		BDAFAD2223E994F10056E8D1 /* ViewController.swift */ = {isa = PBXFileReference; lastKnownFileType = sourcecode.swift; path = ViewController.swift; sourceTree = "<group>"; };
		BDAFAD2523E994F10056E8D1 /* Base */ = {isa = PBXFileReference; lastKnownFileType = file.storyboard; name = Base; path = Base.lproj/Main.storyboard; sourceTree = "<group>"; };
		BDAFAD2723E994F30056E8D1 /* Assets.xcassets */ = {isa = PBXFileReference; lastKnownFileType = folder.assetcatalog; path = Assets.xcassets; sourceTree = "<group>"; };
		BDAFAD2A23E994F30056E8D1 /* Base */ = {isa = PBXFileReference; lastKnownFileType = file.storyboard; name = Base; path = Base.lproj/LaunchScreen.storyboard; sourceTree = "<group>"; };
		BDAFAD2C23E994F30056E8D1 /* Info.plist */ = {isa = PBXFileReference; lastKnownFileType = text.plist.xml; path = Info.plist; sourceTree = "<group>"; };
/* End PBXFileReference section */

/* Begin PBXFrameworksBuildPhase section */
		BDAFAD1823E994F10056E8D1 /* Frameworks */ = {
			isa = PBXFrameworksBuildPhase;
			buildActionMask = 2147483647;
			files = (
			);
			runOnlyForDeploymentPostprocessing = 0;
		};
/* End PBXFrameworksBuildPhase section */

/* Begin PBXGroup section */
		BDAFAD1223E994F10056E8D1 = {
			isa = PBXGroup;
			children = (
				BDAFAD1D23E994F10056E8D1 /* Labb 1 Swift */,
				BDAFAD1C23E994F10056E8D1 /* Products */,
			);
			sourceTree = "<group>";
		};
		BDAFAD1C23E994F10056E8D1 /* Products */ = {
			isa = PBXGroup;
			children = (
				BDAFAD1B23E994F10056E8D1 /* Labb 1 Swift.app */,
			);
			name = Products;
			sourceTree = "<group>";
		};
		BDAFAD1D23E994F10056E8D1 /* Labb 1 Swift */ = {
			isa = PBXGroup;
			children = (
				BDAFAD1E23E994F10056E8D1 /* AppDelegate.swift */,
				BDAFAD2023E994F10056E8D1 /* SceneDelegate.swift */,
				BDAFAD2223E994F10056E8D1 /* ViewController.swift */,
				BDAFAD2423E994F10056E8D1 /* Main.storyboard */,
				BDAFAD2723E994F30056E8D1 /* Assets.xcassets */,
				BDAFAD2923E994F30056E8D1 /* LaunchScreen.storyboard */,
				BDAFAD2C23E994F30056E8D1 /* Info.plist */,
			);
			path = "Labb 1 Swift";
			sourceTree = "<group>";
		};
/* End PBXGroup section */

/* Begin PBXNativeTarget section */
		BDAFAD1A23E994F10056E8D1 /* Labb 1 Swift */ = {
			isa = PBXNativeTarget;
			buildConfigurationList = BDAFAD2F23E994F30056E8D1 /* Build configuration list for PBXNativeTarget "Labb 1 Swift" */;
			buildPhases = (
				BDAFAD1723E994F10056E8D1 /* Sources */,
				BDAFAD1823E994F10056E8D1 /* Frameworks */,
				BDAFAD1923E994F10056E8D1 /* Resources */,
			);
			buildRules = (
			);
			dependencies = (
			);
			name = "Labb 1 Swift";
			productName = "Labb 1 Swift";
			productReference = BDAFAD1B23E994F10056E8D1 /* Labb 1 Swift.app */;
			productType = "com.apple.product-type.application";
		};
/* End PBXNativeTarget section */

/* Begin PBXProject section */
		BDAFAD1323E994F10056E8D1 /* Project object */ = {
			isa = PBXProject;
			attributes = {
				LastSwiftUpdateCheck = 1120;
				LastUpgradeCheck = 1120;
				ORGANIZATIONNAME = "Nicklas Pekkarinen";
				TargetAttributes = {
					BDAFAD1A23E994F10056E8D1 = {
						CreatedOnToolsVersion = 11.2.1;
					};
				};
			};
			buildConfigurationList = BDAFAD1623E994F10056E8D1 /* Build configuration list for PBXProject "Labb 1 Swift" */;
			compatibilityVersion = "Xcode 9.3";
			developmentRegion = en;
			hasScannedForEncodings = 0;
			knownRegions = (
				en,
				Base,
			);
			mainGroup = BDAFAD1223E994F10056E8D1;
			productRefGroup = BDAFAD1C23E994F10056E8D1 /* Products */;
			projectDirPath = "";
			projectRoot = "";
			targets = (
				BDAFAD1A23E994F10056E8D1 /* Labb 1 Swift */,
			);
		};
/* End PBXProject section */

/* Begin PBXResourcesBuildPhase section */
		BDAFAD1923E994F10056E8D1 /* Resources */ = {
			isa = PBXResourcesBuildPhase;
			buildActionMask = 2147483647;
			files = (
				BDAFAD2B23E994F30056E8D1 /* LaunchScreen.storyboard in Resources */,
				BDAFAD2823E994F30056E8D1 /* Assets.xcassets in Resources */,
				BDAFAD2623E994F10056E8D1 /* Main.storyboard in Resources */,
			);
			runOnlyForDeploymentPostprocessing = 0;
		};
/* End PBXResourcesBuildPhase section */

/* Begin PBXSourcesBuildPhase section */
		BDAFAD1723E994F10056E8D1 /* Sources */ = {
			isa = PBXSourcesBuildPhase;
			buildActionMask = 2147483647;
			files = (
				BDAFAD2323E994F10056E8D1 /* ViewController.swift in Sources */,
				BDAFAD1F23E994F10056E8D1 /* AppDelegate.swift in Sources */,
				BDAFAD2123E994F10056E8D1 /* SceneDelegate.swift in Sources */,
			);
			runOnlyForDeploymentPostprocessing = 0;
		};
/* End PBXSourcesBuildPhase section */

/* Begin PBXVariantGroup section */
		BDAFAD2423E994F10056E8D1 /* Main.storyboard */ = {
			isa = PBXVariantGroup;
			children = (
				BDAFAD2523E994F10056E8D1 /* Base */,
			);
			name = Main.storyboard;
			sourceTree = "<group>";
		};
		BDAFAD2923E994F30056E8D1 /* LaunchScreen.storyboard */ = {
			isa = PBXVariantGroup;
			children = (
				BDAFAD2A23E994F30056E8D1 /* Base */,
			);
			name = LaunchScreen.storyboard;
			sourceTree = "<group>";
		};
/* End PBXVariantGroup section */

/* Begin XCBuildConfiguration section */
		BDAFAD2D23E994F30056E8D1 /* Debug */ = {
			isa = XCBuildConfiguration;
			buildSettings = {
				ALWAYS_SEARCH_USER_PATHS = NO;
				CLANG_ANALYZER_NONNULL = YES;
				CLANG_ANALYZER_NUMBER_OBJECT_CONVERSION = YES_AGGRESSIVE;
				CLANG_CXX_LANGUAGE_STANDARD = "gnu++14";
				CLANG_CXX_LIBRARY = "libc++";
				CLANG_ENABLE_MODULES = YES;
				CLANG_ENABLE_OBJC_ARC = YES;
				CLANG_ENABLE_OBJC_WEAK = YES;
				CLANG_WARN_BLOCK_CAPTURE_AUTORELEASING = YES;
				CLANG_WARN_BOOL_CONVERSION = YES;
				CLANG_WARN_COMMA = YES;
				CLANG_WARN_CONSTANT_CONVERSION = YES;
				CLANG_WARN_DEPRECATED_OBJC_IMPLEMENTATIONS = YES;
				CLANG_WARN_DIRECT_OBJC_ISA_USAGE = YES_ERROR;
				CLANG_WARN_DOCUMENTATION_COMMENTS = YES;
				CLANG_WARN_EMPTY_BODY = YES;
				CLANG_WARN_ENUM_CONVERSION = YES;
				CLANG_WARN_INFINITE_RECURSION = YES;
				CLANG_WARN_INT_CONVERSION = YES;
				CLANG_WARN_NON_LITERAL_NULL_CONVERSION = YES;
				CLANG_WARN_OBJC_IMPLICIT_RETAIN_SELF = YES;
				CLANG_WARN_OBJC_LITERAL_CONVERSION = YES;
				CLANG_WARN_OBJC_ROOT_CLASS = YES_ERROR;
				CLANG_WARN_RANGE_LOOP_ANALYSIS = YES;
				CLANG_WARN_STRICT_PROTOTYPES = YES;
				CLANG_WARN_SUSPICIOUS_MOVE = YES;
				CLANG_WARN_UNGUARDED_AVAILABILITY = YES_AGGRESSIVE;
				CLANG_WARN_UNREACHABLE_CODE = YES;
				CLANG_WARN__DUPLICATE_METHOD_MATCH = YES;
				COPY_PHASE_STRIP = NO;
				DEBUG_INFORMATION_FORMAT = dwarf;
				ENABLE_STRICT_OBJC_MSGSEND = YES;
				ENABLE_TESTABILITY = YES;
				GCC_C_LANGUAGE_STANDARD = gnu11;
				GCC_DYNAMIC_NO_PIC = NO;
				GCC_NO_COMMON_BLOCKS = YES;
				GCC_OPTIMIZATION_LEVEL = 0;
				GCC_PREPROCESSOR_DEFINITIONS = (
					"DEBUG=1",
					"$(inherited)",
				);
				GCC_WARN_64_TO_32_BIT_CONVERSION = YES;
				GCC_WARN_ABOUT_RETURN_TYPE = YES_ERROR;
				GCC_WARN_UNDECLARED_SELECTOR = YES;
				GCC_WARN_UNINITIALIZED_AUTOS = YES_AGGRESSIVE;
				GCC_WARN_UNUSED_FUNCTION = YES;
				GCC_WARN_UNUSED_VARIABLE = YES;
				IPHONEOS_DEPLOYMENT_TARGET = 13.2;
				MTL_ENABLE_DEBUG_INFO = INCLUDE_SOURCE;
				MTL_FAST_MATH = YES;
				ONLY_ACTIVE_ARCH = YES;
				SDKROOT = iphoneos;
				SWIFT_ACTIVE_COMPILATION_CONDITIONS = DEBUG;
				SWIFT_OPTIMIZATION_LEVEL = "-Onone";
			};
			name = Debug;
		};
		BDAFAD2E23E994F30056E8D1 /* Release */ = {
			isa = XCBuildConfiguration;
			buildSettings = {
				ALWAYS_SEARCH_USER_PATHS = NO;
				CLANG_ANALYZER_NONNULL = YES;
				CLANG_ANALYZER_NUMBER_OBJECT_CONVERSION = YES_AGGRESSIVE;
				CLANG_CXX_LANGUAGE_STANDARD = "gnu++14";
				CLANG_CXX_LIBRARY = "libc++";
				CLANG_ENABLE_MODULES = YES;
				CLANG_ENABLE_OBJC_ARC = YES;
				CLANG_ENABLE_OBJC_WEAK = YES;
				CLANG_WARN_BLOCK_CAPTURE_AUTORELEASING = YES;
				CLANG_WARN_BOOL_CONVERSION = YES;
				CLANG_WARN_COMMA = YES;
				CLANG_WARN_CONSTANT_CONVERSION = YES;
				CLANG_WARN_DEPRECATED_OBJC_IMPLEMENTATIONS = YES;
				CLANG_WARN_DIRECT_OBJC_ISA_USAGE = YES_ERROR;
				CLANG_WARN_DOCUMENTATION_COMMENTS = YES;
				CLANG_WARN_EMPTY_BODY = YES;
				CLANG_WARN_ENUM_CONVERSION = YES;
				CLANG_WARN_INFINITE_RECURSION = YES;
				CLANG_WARN_INT_CONVERSION = YES;
				CLANG_WARN_NON_LITERAL_NULL_CONVERSION = YES;
				CLANG_WARN_OBJC_IMPLICIT_RETAIN_SELF = YES;
				CLANG_WARN_OBJC_LITERAL_CONVERSION = YES;
				CLANG_WARN_OBJC_ROOT_CLASS = YES_ERROR;
				CLANG_WARN_RANGE_LOOP_ANALYSIS = YES;
				CLANG_WARN_STRICT_PROTOTYPES = YES;
				CLANG_WARN_SUSPICIOUS_MOVE = YES;
				CLANG_WARN_UNGUARDED_AVAILABILITY = YES_AGGRESSIVE;
				CLANG_WARN_UNREACHABLE_CODE = YES;
				CLANG_WARN__DUPLICATE_METHOD_MATCH = YES;
				COPY_PHASE_STRIP = NO;
				DEBUG_INFORMATION_FORMAT = "dwarf-with-dsym";
				ENABLE_NS_ASSERTIONS = NO;
				ENABLE_STRICT_OBJC_MSGSEND = YES;
				GCC_C_LANGUAGE_STANDARD = gnu11;
				GCC_NO_COMMON_BLOCKS = YES;
				GCC_WARN_64_TO_32_BIT_CONVERSION = YES;
				GCC_WARN_ABOUT_RETURN_TYPE = YES_ERROR;
				GCC_WARN_UNDECLARED_SELECTOR = YES;
				GCC_WARN_UNINITIALIZED_AUTOS = YES_AGGRESSIVE;
				GCC_WARN_UNUSED_FUNCTION = YES;
				GCC_WARN_UNUSED_VARIABLE = YES;
				IPHONEOS_DEPLOYMENT_TARGET = 13.2;
				MTL_ENABLE_DEBUG_INFO = NO;
				MTL_FAST_MATH = YES;
				SDKROOT = iphoneos;
				SWIFT_COMPILATION_MODE = wholemodule;
				SWIFT_OPTIMIZATION_LEVEL = "-O";
				VALIDATE_PRODUCT = YES;
			};
			name = Release;
		};
		BDAFAD3023E994F30056E8D1 /* Debug */ = {
			isa = XCBuildConfiguration;
			buildSettings = {
				ASSETCATALOG_COMPILER_APPICON_NAME = AppIcon;
				CODE_SIGN_STYLE = Automatic;
				DEVELOPMENT_TEAM = VSF8TU5TG9;
				INFOPLIST_FILE = "Labb 1 Swift/Info.plist";
				LD_RUNPATH_SEARCH_PATHS = (
					"$(inherited)",
					"@executable_path/Frameworks",
				);
				PRODUCT_BUNDLE_IDENTIFIER = "com.nicklaspekkarinen.Labb-1-Swift";
				PRODUCT_NAME = "$(TARGET_NAME)";
				SWIFT_VERSION = 5.0;
				TARGETED_DEVICE_FAMILY = "1,2";
			};
			name = Debug;
		};
		BDAFAD3123E994F30056E8D1 /* Release */ = {
			isa = XCBuildConfiguration;
			buildSettings = {
				ASSETCATALOG_COMPILER_APPICON_NAME = AppIcon;
				CODE_SIGN_STYLE = Automatic;
				DEVELOPMENT_TEAM = VSF8TU5TG9;
				INFOPLIST_FILE = "Labb 1 Swift/Info.plist";
				LD_RUNPATH_SEARCH_PATHS = (
					"$(inherited)",
					"@executable_path/Frameworks",
				);
				PRODUCT_BUNDLE_IDENTIFIER = "com.nicklaspekkarinen.Labb-1-Swift";
				PRODUCT_NAME = "$(TARGET_NAME)";
				SWIFT_VERSION = 5.0;
				TARGETED_DEVICE_FAMILY = "1,2";
			};
			name = Release;
		};
/* End XCBuildConfiguration section */

/* Begin XCConfigurationList section */
		BDAFAD1623E994F10056E8D1 /* Build configuration list for PBXProject "Labb 1 Swift" */ = {
			isa = XCConfigurationList;
			buildConfigurations = (
				BDAFAD2D23E994F30056E8D1 /* Debug */,
				BDAFAD2E23E994F30056E8D1 /* Release */,
			);
			defaultConfigurationIsVisible = 0;
			defaultConfigurationName = Release;
		};
		BDAFAD2F23E994F30056E8D1 /* Build configuration list for PBXNativeTarget "Labb 1 Swift" */ = {
			isa = XCConfigurationList;
			buildConfigurations = (
				BDAFAD3023E994F30056E8D1 /* Debug */,
				BDAFAD3123E994F30056E8D1 /* Release */,
			);
			defaultConfigurationIsVisible = 0;
			defaultConfigurationName = Release;
		};
/* End XCConfigurationList section */
	};
	rootObject = BDAFAD1323E994F10056E8D1 /* Project object */;
}
